{
    "name": "nativescript-utils",
    "version": "1.0.46",
    "lockfileVersion": 1,
    "dependencies": {
        "moment": {
            "version": "2.18.1",
            "resolved": "https://registry.npmjs.org/moment/-/moment-2.18.1.tgz",
            "integrity": "sha1-w2GT3Tzhwu7SrbfIAtu8d6gbHA8="
        },
        "nativescript-email": {
            "version": "https://registry.npmjs.org/nativescript-email/-/nativescript-email-1.4.0.tgz",
            "integrity": "sha1-9QTwFV0ZCjERF0YUXAz8XPvKdYk="
        },
        "nativescript-permissions": {
            "version": "1.2.3",
            "resolved": "https://registry.npmjs.org/nativescript-permissions/-/nativescript-permissions-1.2.3.tgz",
            "integrity": "sha1-4+ZVRfmP5IjdVXj3/5DrrjCI5wA="
        },
        "nativescript-phone": {
            "version": "1.3.0",
            "resolved": "https://registry.npmjs.org/nativescript-phone/-/nativescript-phone-1.3.0.tgz",
            "integrity": "sha1-i+c3Jo3jaNNGOZdP3+9rAs4wQ34="
        },
        "sf": {
            "version": "0.1.8",
            "resolved": "https://registry.npmjs.org/sf/-/sf-0.1.8.tgz",
            "integrity": "sha1-omceZ175cpehYfs8Cwtdzy7LBo0="
        }
    }
}
