{
    "name": "nativescript-utils",
    "version": "1.0.65",
    "lockfileVersion": 1,
    "requires": true,
    "dependencies": {
        "@types/node": {
            "version": "8.0.27",
            "resolved": "https://registry.npmjs.org/@types/node/-/node-8.0.27.tgz",
            "integrity": "sha512-MiOd5TB6ftlOw6gLY3XdF0s/9YoTo172A6qGzi5I1SJy2dRZqg/LAHGTJMm1XFWx7kuYkbVW0sp/z3OP7VnkjQ==",
            "dev": true
        },
        "base-64": {
            "version": "0.1.0",
            "resolved": "https://registry.npmjs.org/base-64/-/base-64-0.1.0.tgz",
            "integrity": "sha1-eAqZyE59YAJgNhURxId2E78k9rs="
        },
        "base64-js": {
            "version": "1.2.1",
            "resolved": "https://registry.npmjs.org/base64-js/-/base64-js-1.2.1.tgz",
            "integrity": "sha512-dwVUVIXsBZXwTuwnXI9RK8sBmgq09NDHzyR9SAph9eqk76gKK2JSQmZARC2zRC81JC2QTtxD0ARU5qTS25gIGw=="
        },
        "buffer": {
            "version": "5.0.7",
            "resolved": "https://registry.npmjs.org/buffer/-/buffer-5.0.7.tgz",
            "integrity": "sha512-NeeHXWh5pCbPQCt2/6rLvXqapZfVsqw/YgRgaHpT3H9Uzgs+S0lSg5SQzouIuDvcmlQRqBe8hOO2scKCu3cxrg==",
            "requires": {
                "base64-js": "1.2.1",
                "ieee754": "1.1.8"
            }
        },
        "ieee754": {
            "version": "1.1.8",
            "resolved": "https://registry.npmjs.org/ieee754/-/ieee754-1.1.8.tgz",
            "integrity": "sha1-vjPUCsEO8ZJnAfbwii2G+/0a0+Q="
        },
        "moment": {
            "version": "2.18.1",
            "resolved": "https://registry.npmjs.org/moment/-/moment-2.18.1.tgz",
            "integrity": "sha1-w2GT3Tzhwu7SrbfIAtu8d6gbHA8="
        },
        "nativescript-email": {
            "version": "1.5.1",
            "resolved": "https://registry.npmjs.org/nativescript-email/-/nativescript-email-1.5.1.tgz",
            "integrity": "sha1-5/+KmbOgmWwU8x7rAUUPzrhRVHg="
        },
        "nativescript-permissions": {
            "version": "1.2.3",
            "resolved": "https://registry.npmjs.org/nativescript-permissions/-/nativescript-permissions-1.2.3.tgz",
            "integrity": "sha1-4+ZVRfmP5IjdVXj3/5DrrjCI5wA="
        },
        "nativescript-phone": {
            "version": "1.3.1",
            "resolved": "https://registry.npmjs.org/nativescript-phone/-/nativescript-phone-1.3.1.tgz",
            "integrity": "sha1-0XGMUaBsX4NORFYmTjHoYs2EX6I=",
            "requires": {
                "nativescript-permissions": "1.2.3"
            }
        },
        "tns-core-modules": {
            "version": "3.1.1",
            "resolved": "https://registry.npmjs.org/tns-core-modules/-/tns-core-modules-3.1.1.tgz",
            "integrity": "sha1-ezicQt1sENstGt+8bJEDFwPlDdU=",
            "requires": {
                "tns-core-modules-widgets": "3.1.1"
            }
        },
        "tns-core-modules-widgets": {
            "version": "3.1.1",
            "resolved": "https://registry.npmjs.org/tns-core-modules-widgets/-/tns-core-modules-widgets-3.1.1.tgz",
            "integrity": "sha1-M2691nlV6Im5GNsuzyRy/rVwh+A="
        },
        "typescript": {
            "version": "2.5.2",
            "resolved": "https://registry.npmjs.org/typescript/-/typescript-2.5.2.tgz",
            "integrity": "sha1-A4qV99m7tCCxvzW6MdTFwd0//jQ=",
            "dev": true
        },
        "utf8": {
            "version": "2.1.2",
            "resolved": "https://registry.npmjs.org/utf8/-/utf8-2.1.2.tgz",
            "integrity": "sha1-H6DZJw6b6FDZsFAn9jUZv0ZFfZY="
        }
    }
}
